
Microsoft Visual Studio Solution File, Format Version 12.00
# Visual Studio 15
VisualStudioVersion = 15.0.26730.12
MinimumVisualStudioVersion = 10.0.40219.1
Project("{FAE04EC0-301F-11D3-BF4B-00C04F79EFBC}") = "Motorway", "Motorway\Motorway.csproj", "{374CF3D6-166A-4C82-A179-11E7B9DF4ABC}"
EndProject
Global
	GlobalSection(SolutionConfigurationPlatforms) = preSolution
		Debug|Any CPU = Debug|Any CPU
		Release|Any CPU = Release|Any CPU
	EndGlobalSection
	GlobalSection(ProjectConfigurationPlatforms) = postSolution
		{374CF3D6-166A-4C82-A179-11E7B9DF4ABC}.Debug|Any CPU.ActiveCfg = Debug|Any CPU
		{374CF3D6-166A-4C82-A179-11E7B9DF4ABC}.Debug|Any CPU.Build.0 = Debug|Any CPU
		{374CF3D6-166A-4C82-A179-11E7B9DF4ABC}.Release|Any CPU.ActiveCfg = Release|Any CPU
		{374CF3D6-166A-4C82-A179-11E7B9DF4ABC}.Release|Any CPU.Build.0 = Release|Any CPU
	EndGlobalSection
	GlobalSection(SolutionProperties) = preSolution
		HideSolutionNode = FALSE
	EndGlobalSection
	GlobalSection(ExtensibilityGlobals) = postSolution
		SolutionGuid = {407B5408-C5C2-4C7C-AFB1-F7E243ED0D7D}
	EndGlobalSection
EndGlobal
